
Microsoft Visual Studio Solution File, Format Version 12.00
# Visual Studio Version 17
VisualStudioVersion = 17.7.34202.233
MinimumVisualStudioVersion = 10.0.40219.1
Project("{FAE04EC0-301F-11D3-BF4B-00C04F79EFBC}") = "Northwind", "Northwind\Northwind.csproj", "{34B2759C-539C-46C3-84FC-D88E1807CABF}"
EndProject
Project("{FAE04EC0-301F-11D3-BF4B-00C04F79EFBC}") = "TestProject1", "TestProject1\TestProject1.csproj", "{3743C008-8AEC-4B34-9341-3DFA69120AA9}"
EndProject
Global
	GlobalSection(SolutionConfigurationPlatforms) = preSolution
		Debug|Any CPU = Debug|Any CPU
		Release|Any CPU = Release|Any CPU
	EndGlobalSection
	GlobalSection(ProjectConfigurationPlatforms) = postSolution
		{34B2759C-539C-46C3-84FC-D88E1807CABF}.Debug|Any CPU.ActiveCfg = Debug|Any CPU
		{34B2759C-539C-46C3-84FC-D88E1807CABF}.Debug|Any CPU.Build.0 = Debug|Any CPU
		{34B2759C-539C-46C3-84FC-D88E1807CABF}.Release|Any CPU.ActiveCfg = Release|Any CPU
		{34B2759C-539C-46C3-84FC-D88E1807CABF}.Release|Any CPU.Build.0 = Release|Any CPU
		{3743C008-8AEC-4B34-9341-3DFA69120AA9}.Debug|Any CPU.ActiveCfg = Debug|Any CPU
		{3743C008-8AEC-4B34-9341-3DFA69120AA9}.Debug|Any CPU.Build.0 = Debug|Any CPU
		{3743C008-8AEC-4B34-9341-3DFA69120AA9}.Release|Any CPU.ActiveCfg = Release|Any CPU
		{3743C008-8AEC-4B34-9341-3DFA69120AA9}.Release|Any CPU.Build.0 = Release|Any CPU
	EndGlobalSection
	GlobalSection(SolutionProperties) = preSolution
		HideSolutionNode = FALSE
	EndGlobalSection
	GlobalSection(ExtensibilityGlobals) = postSolution
		SolutionGuid = {3D3E4AEE-358D-42D8-891F-015068889B9F}
	EndGlobalSection
EndGlobal
